
Microsoft Visual Studio Solution File, Format Version 12.00
# Visual Studio Version 17
VisualStudioVersion = 17.6.33815.320
MinimumVisualStudioVersion = 10.0.40219.1
Project("{FAE04EC0-301F-11D3-BF4B-00C04F79EFBC}") = "AlpineSkiHouse", "AlpineSkiHouse.csproj", "{BE60DD0F-671F-498E-8499-F3090FDD1AF8}"
EndProject
Global
	GlobalSection(SolutionConfigurationPlatforms) = preSolution
		Debug|Any CPU = Debug|Any CPU
		Release|Any CPU = Release|Any CPU
	EndGlobalSection
	GlobalSection(ProjectConfigurationPlatforms) = postSolution
		{BE60DD0F-671F-498E-8499-F3090FDD1AF8}.Debug|Any CPU.ActiveCfg = Debug|Any CPU
		{BE60DD0F-671F-498E-8499-F3090FDD1AF8}.Debug|Any CPU.Build.0 = Debug|Any CPU
		{BE60DD0F-671F-498E-8499-F3090FDD1AF8}.Release|Any CPU.ActiveCfg = Release|Any CPU
		{BE60DD0F-671F-498E-8499-F3090FDD1AF8}.Release|Any CPU.Build.0 = Release|Any CPU
	EndGlobalSection
	GlobalSection(SolutionProperties) = preSolution
		HideSolutionNode = FALSE
	EndGlobalSection
	GlobalSection(ExtensibilityGlobals) = postSolution
		SolutionGuid = {CEA05E60-AFF2-4EF8-BCBF-3BB4020A499C}
	EndGlobalSection
EndGlobal
